lockfileVersion: '9.0'

settings:
  autoInstallPeers: true
  excludeLinksFromLockfile: false

importers:

  .:
    dependencies:
      chessops:
        specifier: ^0.15.0
        version: 0.15.0

packages:

  '@badrap/result@0.3.1':
    resolution: {integrity: sha512-ECvpsyZYknoRD0peG1K+UkX5llld3TyK1Ot9Cq2epSoWK19nyzpGKVl98sadSmohu5wHNuiDl+Ex9SVdcIjiFg==}
    engines: {node: '>= 22'}

  chessops@0.15.0:
    resolution: {integrity: sha512-4Ps0O8/UO09tDGbze1mMilUSMZjVYMFtQvrhlCQV385cO0BgdUPUZsq/r1Qrf6UQ4J0i7XcMbRRvFRKu+Ith1w==}

snapshots:

  '@badrap/result@0.3.1': {}

  chessops@0.15.0:
    dependencies:
      '@badrap/result': 0.3.1
